
Microsoft Visual Studio Solution File, Format Version 12.00
# Visual Studio Version 17
VisualStudioVersion = 17.4.33122.133
MinimumVisualStudioVersion = 10.0.40219.1
Project("{FAE04EC0-301F-11D3-BF4B-00C04F79EFBC}") = "BlazorServerChess", "BlazorServerChess.csproj", "{5F31016C-9455-40DC-BA9D-419F9E51E398}"
EndProject
Global
	GlobalSection(SolutionConfigurationPlatforms) = preSolution
		Debug|Any CPU = Debug|Any CPU
		Release|Any CPU = Release|Any CPU
	EndGlobalSection
	GlobalSection(ProjectConfigurationPlatforms) = postSolution
		{5F31016C-9455-40DC-BA9D-419F9E51E398}.Debug|Any CPU.ActiveCfg = Debug|Any CPU
		{5F31016C-9455-40DC-BA9D-419F9E51E398}.Debug|Any CPU.Build.0 = Debug|Any CPU
		{5F31016C-9455-40DC-BA9D-419F9E51E398}.Release|Any CPU.ActiveCfg = Release|Any CPU
		{5F31016C-9455-40DC-BA9D-419F9E51E398}.Release|Any CPU.Build.0 = Release|Any CPU
	EndGlobalSection
	GlobalSection(SolutionProperties) = preSolution
		HideSolutionNode = FALSE
	EndGlobalSection
	GlobalSection(ExtensibilityGlobals) = postSolution
		SolutionGuid = {345B64F9-5B62-402A-858C-EC1C409000F0}
	EndGlobalSection
EndGlobal
